{
  "version": 4,
  "terraform_version": "1.4.6",
  "serial": 4,
  "lineage": "ee4d20e5-09e2-6477-6fa6-54afe9d8b339",
  "outputs": {
    "url": {
      "value": "tfappservicem-dev.azurewebsites.net",
      "type": "string"
    }
  },
  "resources": [
    {
      "mode": "managed",
      "type": "azurerm_app_service",
      "name": "appservice",
      "provider": "provider[\"registry.terraform.io/hashicorp/azurerm\"]",
      "instances": [
        {
          "schema_version": 0,
          "attributes": {
            "app_service_plan_id": "/subscriptions/4b8f8ff0-b8bc-4bf3-a251-3787c43efb79/resourceGroups/appservice-dev/providers/Microsoft.Web/serverfarms/appserviceplan-dev",
            "app_settings": {
              "chave": "123456"
            },
            "auth_settings": [
              {
                "active_directory": [],
                "additional_login_params": {},
                "allowed_external_redirect_urls": [],
                "default_provider": "",
                "enabled": false,
                "facebook": [],
                "google": [],
                "issuer": "",
                "microsoft": [],
                "runtime_version": "",
                "token_refresh_extension_hours": 0,
                "token_store_enabled": false,
                "twitter": [],
                "unauthenticated_client_action": ""
              }
            ],
            "backup": [],
            "client_affinity_enabled": false,
            "client_cert_enabled": false,
            "client_cert_mode": "Required",
            "connection_string": [],
            "custom_domain_verification_id": "A0CD8334571ED9FC6325F3A3D40817E44D22C9D61FE5D23D49B99B79EF175A0E",
            "default_site_hostname": "tfappservicem-dev.azurewebsites.net",
            "enabled": true,
            "https_only": false,
            "id": "/subscriptions/4b8f8ff0-b8bc-4bf3-a251-3787c43efb79/resourceGroups/appservice-dev/providers/Microsoft.Web/sites/tfappservicem-dev",
            "identity": [],
            "key_vault_reference_identity_id": "SystemAssigned",
            "location": "brazilsouth",
            "logs": [
              {
                "application_logs": [
                  {
                    "azure_blob_storage": [],
                    "file_system_level": "Off"
                  }
                ],
                "detailed_error_messages_enabled": false,
                "failed_request_tracing_enabled": false,
                "http_logs": [
                  {
                    "azure_blob_storage": [],
                    "file_system": []
                  }
                ]
              }
            ],
            "name": "tfappservicem-dev",
            "outbound_ip_address_list": [
              "20.197.222.107",
              "20.197.217.86",
              "20.197.222.132",
              "20.197.223.27",
              "20.197.223.33",
              "20.197.223.95",
              "20.206.176.1"
            ],
            "outbound_ip_addresses": "20.197.222.107,20.197.217.86,20.197.222.132,20.197.223.27,20.197.223.33,20.197.223.95,20.206.176.1",
            "possible_outbound_ip_address_list": [
              "20.197.222.107",
              "20.197.217.86",
              "20.197.222.132",
              "20.197.223.27",
              "20.197.223.33",
              "20.197.223.95",
              "20.197.218.74",
              "20.197.218.75",
              "20.197.220.150",
              "20.197.220.151",
              "20.197.222.88",
              "20.197.222.104",
              "20.197.222.105",
              "20.197.220.156",
              "20.197.220.157",
              "20.197.220.159",
              "20.197.222.109",
              "20.197.222.111",
              "20.197.222.128",
              "20.197.222.129",
              "20.197.222.135",
              "20.197.222.130",
              "20.197.222.131",
              "20.197.222.80",
              "20.197.222.81",
              "20.197.222.82",
              "20.197.222.83",
              "20.197.222.84",
              "20.197.222.85",
              "20.197.222.86",
              "20.206.176.1"
            ],
            "possible_outbound_ip_addresses": "20.197.222.107,20.197.217.86,20.197.222.132,20.197.223.27,20.197.223.33,20.197.223.95,20.197.218.74,20.197.218.75,20.197.220.150,20.197.220.151,20.197.222.88,20.197.222.104,20.197.222.105,20.197.220.156,20.197.220.157,20.197.220.159,20.197.222.109,20.197.222.111,20.197.222.128,20.197.222.129,20.197.222.135,20.197.222.130,20.197.222.131,20.197.222.80,20.197.222.81,20.197.222.82,20.197.222.83,20.197.222.84,20.197.222.85,20.197.222.86,20.206.176.1",
            "resource_group_name": "appservice-dev",
            "site_config": [
              {
                "acr_use_managed_identity_credentials": false,
                "acr_user_managed_identity_client_id": "",
                "always_on": false,
                "app_command_line": "",
                "auto_swap_slot_name": "",
                "cors": [
                  {
                    "allowed_origins": [],
                    "support_credentials": false
                  }
                ],
                "default_documents": null,
                "dotnet_framework_version": "v4.0",
                "ftps_state": "FtpsOnly",
                "health_check_path": "",
                "http2_enabled": false,
                "ip_restriction": [],
                "java_container": "",
                "java_container_version": "",
                "java_version": "",
                "linux_fx_version": "",
                "local_mysql_enabled": false,
                "managed_pipeline_mode": "Integrated",
                "min_tls_version": "1.2",
                "number_of_workers": 1,
                "php_version": "",
                "python_version": "",
                "remote_debugging_enabled": false,
                "remote_debugging_version": "VS2019",
                "scm_ip_restriction": [],
                "scm_type": "None",
                "scm_use_main_ip_restriction": false,
                "use_32_bit_worker_process": false,
                "vnet_route_all_enabled": false,
                "websockets_enabled": false,
                "windows_fx_version": ""
              }
            ],
            "site_credential": [
              {
                "password": "mTviSfwSGGpkxvDglxYfcE3g02BqnyafyNKPZhKR4djXF01hmZy0Bit2g27Q",
                "username": "$tfappservicem-dev"
              }
            ],
            "source_control": [
              {
                "branch": "main",
                "manual_integration": false,
                "repo_url": "",
                "rollback_enabled": false,
                "use_mercurial": false
              }
            ],
            "storage_account": [],
            "tags": null,
            "timeouts": null
          },
          "sensitive_attributes": [],
          "private": "eyJlMmJmYjczMC1lY2FhLTExZTYtOGY4OC0zNDM2M2JjN2M0YzAiOnsiY3JlYXRlIjoxODAwMDAwMDAwMDAwLCJkZWxldGUiOjE4MDAwMDAwMDAwMDAsInJlYWQiOjMwMDAwMDAwMDAwMCwidXBkYXRlIjoxODAwMDAwMDAwMDAwfX0=",
          "dependencies": [
            "azurerm_app_service_plan.plan",
            "azurerm_resource_group.rg"
          ]
        }
      ]
    },
    {
      "mode": "managed",
      "type": "azurerm_app_service_plan",
      "name": "plan",
      "provider": "provider[\"registry.terraform.io/hashicorp/azurerm\"]",
      "instances": [
        {
          "schema_version": 0,
          "attributes": {
            "app_service_environment_id": "",
            "id": "/subscriptions/4b8f8ff0-b8bc-4bf3-a251-3787c43efb79/resourceGroups/appservice-dev/providers/Microsoft.Web/serverfarms/appserviceplan-dev",
            "is_xenon": false,
            "kind": "Windows",
            "location": "brazilsouth",
            "maximum_elastic_worker_count": 1,
            "maximum_number_of_workers": 10,
            "name": "appserviceplan-dev",
            "per_site_scaling": false,
            "reserved": false,
            "resource_group_name": "appservice-dev",
            "sku": [
              {
                "capacity": 1,
                "size": "S1",
                "tier": "Standard"
              }
            ],
            "tags": null,
            "timeouts": null,
            "zone_redundant": false
          },
          "sensitive_attributes": [],
          "private": "eyJlMmJmYjczMC1lY2FhLTExZTYtOGY4OC0zNDM2M2JjN2M0YzAiOnsiY3JlYXRlIjozNjAwMDAwMDAwMDAwLCJkZWxldGUiOjM2MDAwMDAwMDAwMDAsInJlYWQiOjMwMDAwMDAwMDAwMCwidXBkYXRlIjozNjAwMDAwMDAwMDAwfX0=",
          "dependencies": [
            "azurerm_resource_group.rg"
          ]
        }
      ]
    },
    {
      "mode": "managed",
      "type": "azurerm_resource_group",
      "name": "rg",
      "provider": "provider[\"registry.terraform.io/hashicorp/azurerm\"]",
      "instances": [
        {
          "schema_version": 0,
          "attributes": {
            "id": "/subscriptions/4b8f8ff0-b8bc-4bf3-a251-3787c43efb79/resourceGroups/appservice-dev",
            "location": "brazilsouth",
            "name": "appservice-dev",
            "tags": null,
            "timeouts": null
          },
          "sensitive_attributes": [],
          "private": "eyJlMmJmYjczMC1lY2FhLTExZTYtOGY4OC0zNDM2M2JjN2M0YzAiOnsiY3JlYXRlIjo1NDAwMDAwMDAwMDAwLCJkZWxldGUiOjU0MDAwMDAwMDAwMDAsInJlYWQiOjMwMDAwMDAwMDAwMCwidXBkYXRlIjo1NDAwMDAwMDAwMDAwfX0="
        }
      ]
    }
  ],
  "check_results": null
}
